
Microsoft Visual Studio Solution File, Format Version 12.00
Project("{FAE04EC0-301F-11D3-BF4B-00C04F79EFBC}") = "PhotoFileFormatter", "PhotoFileFormatter\PhotoFileFormatter.csproj", "{AD2ABBD8-8FE1-473E-AE97-5D8B7FDC32EF}"
EndProject
Global
	GlobalSection(SolutionConfigurationPlatforms) = preSolution
		Debug|Any CPU = Debug|Any CPU
		Release|Any CPU = Release|Any CPU
	EndGlobalSection
	GlobalSection(ProjectConfigurationPlatforms) = postSolution
		{AD2ABBD8-8FE1-473E-AE97-5D8B7FDC32EF}.Debug|Any CPU.ActiveCfg = Debug|Any CPU
		{AD2ABBD8-8FE1-473E-AE97-5D8B7FDC32EF}.Debug|Any CPU.Build.0 = Debug|Any CPU
		{AD2ABBD8-8FE1-473E-AE97-5D8B7FDC32EF}.Release|Any CPU.ActiveCfg = Release|Any CPU
		{AD2ABBD8-8FE1-473E-AE97-5D8B7FDC32EF}.Release|Any CPU.Build.0 = Release|Any CPU
	EndGlobalSection
EndGlobal
